{
  "originHash" : "0dae4e20a6a3ab60febbd302826e41a110ea372fa53b8edeb086cea8fb4b5e4b",
  "pins" : [
    {
      "identity" : "heap-ios-sdk",
      "kind" : "remoteSourceControl",
      "location" : "https://github.com/heap/heap-ios-sdk.git",
      "state" : {
        "revision" : "89dd6635d77a059c78beebc97d6bc9b1d951f24d",
        "version" : "8.2.2"
      }
    },
    {
      "identity" : "taanalytics",
      "kind" : "remoteSourceControl",
      "location" : "git@github.com:TechArtists/TAAnalytics.git",
      "state" : {
        "revision" : "1409bc6ea7ae77cd82b949ae569e9c4b25fcfb7d",
        "version" : "0.9.6"
      }
    }
  ],
  "version" : 3
}
